
Microsoft Visual Studio Solution File, Format Version 12.00
# Visual Studio Version 17
VisualStudioVersion = 17.10.35027.167
MinimumVisualStudioVersion = 10.0.40219.1
Project("{FAE04EC0-301F-11D3-BF4B-00C04F79EFBC}") = "SlimeImuProtocol", "SlimeImuProtocol\SlimeImuProtocol.csproj", "{E4339CCE-C3F3-621A-0406-55396CAAC56D}"
EndProject
Project("{FAE04EC0-301F-11D3-BF4B-00C04F79EFBC}") = "Everything-To-IMU-SlimeVR.Core", "Everything-To-IMU-SlimeVR.Core\Everything-To-IMU-SlimeVR.Core.csproj", "{8FAAF307-7A31-4EEC-B603-84C15978DBF8}"
EndProject
Project("{FAE04EC0-301F-11D3-BF4B-00C04F79EFBC}") = "Everything-To-IMU-SlimeVR.UI.WPF", "Everything-To-IMU-SlimeVR.UI.WPF\Everything-To-IMU-SlimeVR.UI.WPF.csproj", "{86DA0870-ED2B-460B-9E25-91D7C2A24873}"
EndProject
Project("{FAE04EC0-301F-11D3-BF4B-00C04F79EFBC}") = "SlimeImuProtocol.Tests", "SlimeImuProtocol\SlimeImuProtocol.Tests\SlimeImuProtocol.Tests.csproj", "{AF1EEA06-FB9B-45CF-B701-8DE32E65704A}"
EndProject
Global
	GlobalSection(SolutionConfigurationPlatforms) = preSolution
		Debug|Any CPU = Debug|Any CPU
		Debug|x64 = Debug|x64
		Debug|x86 = Debug|x86
		Release|Any CPU = Release|Any CPU
		Release|x64 = Release|x64
		Release|x86 = Release|x86
	EndGlobalSection
	GlobalSection(ProjectConfigurationPlatforms) = postSolution
		{E4339CCE-C3F3-621A-0406-55396CAAC56D}.Debug|Any CPU.ActiveCfg = Debug|Any CPU
		{E4339CCE-C3F3-621A-0406-55396CAAC56D}.Debug|Any CPU.Build.0 = Debug|Any CPU
		{E4339CCE-C3F3-621A-0406-55396CAAC56D}.Debug|x64.ActiveCfg = Debug|Any CPU
		{E4339CCE-C3F3-621A-0406-55396CAAC56D}.Debug|x64.Build.0 = Debug|Any CPU
		{E4339CCE-C3F3-621A-0406-55396CAAC56D}.Debug|x86.ActiveCfg = Debug|Any CPU
		{E4339CCE-C3F3-621A-0406-55396CAAC56D}.Debug|x86.Build.0 = Debug|Any CPU
		{E4339CCE-C3F3-621A-0406-55396CAAC56D}.Release|Any CPU.ActiveCfg = Release|Any CPU
		{E4339CCE-C3F3-621A-0406-55396CAAC56D}.Release|Any CPU.Build.0 = Release|Any CPU
		{E4339CCE-C3F3-621A-0406-55396CAAC56D}.Release|x64.ActiveCfg = Release|Any CPU
		{E4339CCE-C3F3-621A-0406-55396CAAC56D}.Release|x64.Build.0 = Release|Any CPU
		{E4339CCE-C3F3-621A-0406-55396CAAC56D}.Release|x86.ActiveCfg = Release|Any CPU
		{E4339CCE-C3F3-621A-0406-55396CAAC56D}.Release|x86.Build.0 = Release|Any CPU
		{8FAAF307-7A31-4EEC-B603-84C15978DBF8}.Debug|Any CPU.ActiveCfg = Debug|Any CPU
		{8FAAF307-7A31-4EEC-B603-84C15978DBF8}.Debug|Any CPU.Build.0 = Debug|Any CPU
		{8FAAF307-7A31-4EEC-B603-84C15978DBF8}.Debug|x64.ActiveCfg = Debug|x64
		{8FAAF307-7A31-4EEC-B603-84C15978DBF8}.Debug|x64.Build.0 = Debug|x64
		{8FAAF307-7A31-4EEC-B603-84C15978DBF8}.Debug|x86.ActiveCfg = Debug|Any CPU
		{8FAAF307-7A31-4EEC-B603-84C15978DBF8}.Debug|x86.Build.0 = Debug|Any CPU
		{8FAAF307-7A31-4EEC-B603-84C15978DBF8}.Release|Any CPU.ActiveCfg = Release|Any CPU
		{8FAAF307-7A31-4EEC-B603-84C15978DBF8}.Release|Any CPU.Build.0 = Release|Any CPU
		{8FAAF307-7A31-4EEC-B603-84C15978DBF8}.Release|x64.ActiveCfg = Release|x64
		{8FAAF307-7A31-4EEC-B603-84C15978DBF8}.Release|x64.Build.0 = Release|x64
		{8FAAF307-7A31-4EEC-B603-84C15978DBF8}.Release|x86.ActiveCfg = Release|Any CPU
		{8FAAF307-7A31-4EEC-B603-84C15978DBF8}.Release|x86.Build.0 = Release|Any CPU
		{86DA0870-ED2B-460B-9E25-91D7C2A24873}.Debug|Any CPU.ActiveCfg = Debug|Any CPU
		{86DA0870-ED2B-460B-9E25-91D7C2A24873}.Debug|Any CPU.Build.0 = Debug|Any CPU
		{86DA0870-ED2B-460B-9E25-91D7C2A24873}.Debug|x64.ActiveCfg = Debug|x64
		{86DA0870-ED2B-460B-9E25-91D7C2A24873}.Debug|x64.Build.0 = Debug|x64
		{86DA0870-ED2B-460B-9E25-91D7C2A24873}.Debug|x86.ActiveCfg = Debug|Any CPU
		{86DA0870-ED2B-460B-9E25-91D7C2A24873}.Debug|x86.Build.0 = Debug|Any CPU
		{86DA0870-ED2B-460B-9E25-91D7C2A24873}.Release|Any CPU.ActiveCfg = Release|Any CPU
		{86DA0870-ED2B-460B-9E25-91D7C2A24873}.Release|Any CPU.Build.0 = Release|Any CPU
		{86DA0870-ED2B-460B-9E25-91D7C2A24873}.Release|x64.ActiveCfg = Release|x64
		{86DA0870-ED2B-460B-9E25-91D7C2A24873}.Release|x64.Build.0 = Release|x64
		{86DA0870-ED2B-460B-9E25-91D7C2A24873}.Release|x86.ActiveCfg = Release|Any CPU
		{86DA0870-ED2B-460B-9E25-91D7C2A24873}.Release|x86.Build.0 = Release|Any CPU
		{AF1EEA06-FB9B-45CF-B701-8DE32E65704A}.Debug|Any CPU.ActiveCfg = Debug|Any CPU
		{AF1EEA06-FB9B-45CF-B701-8DE32E65704A}.Debug|Any CPU.Build.0 = Debug|Any CPU
		{AF1EEA06-FB9B-45CF-B701-8DE32E65704A}.Debug|x64.ActiveCfg = Debug|Any CPU
		{AF1EEA06-FB9B-45CF-B701-8DE32E65704A}.Debug|x64.Build.0 = Debug|Any CPU
		{AF1EEA06-FB9B-45CF-B701-8DE32E65704A}.Debug|x86.ActiveCfg = Debug|Any CPU
		{AF1EEA06-FB9B-45CF-B701-8DE32E65704A}.Debug|x86.Build.0 = Debug|Any CPU
		{AF1EEA06-FB9B-45CF-B701-8DE32E65704A}.Release|Any CPU.ActiveCfg = Release|Any CPU
		{AF1EEA06-FB9B-45CF-B701-8DE32E65704A}.Release|Any CPU.Build.0 = Release|Any CPU
		{AF1EEA06-FB9B-45CF-B701-8DE32E65704A}.Release|x64.ActiveCfg = Release|Any CPU
		{AF1EEA06-FB9B-45CF-B701-8DE32E65704A}.Release|x64.Build.0 = Release|Any CPU
		{AF1EEA06-FB9B-45CF-B701-8DE32E65704A}.Release|x86.ActiveCfg = Release|Any CPU
		{AF1EEA06-FB9B-45CF-B701-8DE32E65704A}.Release|x86.Build.0 = Release|Any CPU
	EndGlobalSection
	GlobalSection(SolutionProperties) = preSolution
		HideSolutionNode = FALSE
	EndGlobalSection
	GlobalSection(ExtensibilityGlobals) = postSolution
		SolutionGuid = {1F44F9FF-30E8-4A27-914C-AFDCCAC1E13A}
	EndGlobalSection
EndGlobal
